// !$*UTF8*$!
{
	archiveVersion = 1;
	classes = {
	};
	objectVersion = 50;
	objects = {

/* Begin PBXBuildFile section */
		20300DE7273A59D80091502F /* AppDelegate.swift in Sources */ = {isa = PBXBuildFile; fileRef = 20300DE6273A59D80091502F /* AppDelegate.swift */; };
		20300DE9273A59D80091502F /* SceneDelegate.swift in Sources */ = {isa = PBXBuildFile; fileRef = 20300DE8273A59D80091502F /* SceneDelegate.swift */; };
		20300DEB273A59D80091502F /* ViewController.swift in Sources */ = {isa = PBXBuildFile; fileRef = 20300DEA273A59D80091502F /* ViewController.swift */; };
		20300DEE273A59D80091502F /* Main.storyboard in Resources */ = {isa = PBXBuildFile; fileRef = 20300DEC273A59D80091502F /* Main.storyboard */; };
		20300DF0273A59D90091502F /* Assets.xcassets in Resources */ = {isa = PBXBuildFile; fileRef = 20300DEF273A59D90091502F /* Assets.xcassets */; };
		20300DF3273A59D90091502F /* LaunchScreen.storyboard in Resources */ = {isa = PBXBuildFile; fileRef = 20300DF1273A59D90091502F /* LaunchScreen.storyboard */; };
		20300DFE273A59D90091502F /* TableViewGitTests.swift in Sources */ = {isa = PBXBuildFile; fileRef = 20300DFD273A59D90091502F /* TableViewGitTests.swift */; };
		20300E09273A59D90091502F /* TableViewGitUITests.swift in Sources */ = {isa = PBXBuildFile; fileRef = 20300E08273A59D90091502F /* TableViewGitUITests.swift */; };
/* End PBXBuildFile section */

/* Begin PBXContainerItemProxy section */
		20300DFA273A59D90091502F /* PBXContainerItemProxy */ = {
			isa = PBXContainerItemProxy;
			containerPortal = 20300DDB273A59D80091502F /* Project object */;
			proxyType = 1;
			remoteGlobalIDString = 20300DE2273A59D80091502F;
			remoteInfo = TableViewGit;
		};
		20300E05273A59D90091502F /* PBXContainerItemProxy */ = {
			isa = PBXContainerItemProxy;
			containerPortal = 20300DDB273A59D80091502F /* Project object */;
			proxyType = 1;
			remoteGlobalIDString = 20300DE2273A59D80091502F;
			remoteInfo = TableViewGit;
		};
/* End PBXContainerItemProxy section */

/* Begin PBXFileReference section */
		20300DE3273A59D80091502F /* TableViewGit.app */ = {isa = PBXFileReference; explicitFileType = wrapper.application; includeInIndex = 0; path = TableViewGit.app; sourceTree = BUILT_PRODUCTS_DIR; };
		20300DE6273A59D80091502F /* AppDelegate.swift */ = {isa = PBXFileReference; lastKnownFileType = sourcecode.swift; path = AppDelegate.swift; sourceTree = "<group>"; };
		20300DE8273A59D80091502F /* SceneDelegate.swift */ = {isa = PBXFileReference; lastKnownFileType = sourcecode.swift; path = SceneDelegate.swift; sourceTree = "<group>"; };
		20300DEA273A59D80091502F /* ViewController.swift */ = {isa = PBXFileReference; lastKnownFileType = sourcecode.swift; path = ViewController.swift; sourceTree = "<group>"; };
		20300DED273A59D80091502F /* Base */ = {isa = PBXFileReference; lastKnownFileType = file.storyboard; name = Base; path = Base.lproj/Main.storyboard; sourceTree = "<group>"; };
		20300DEF273A59D90091502F /* Assets.xcassets */ = {isa = PBXFileReference; lastKnownFileType = folder.assetcatalog; path = Assets.xcassets; sourceTree = "<group>"; };
		20300DF2273A59D90091502F /* Base */ = {isa = PBXFileReference; lastKnownFileType = file.storyboard; name = Base; path = Base.lproj/LaunchScreen.storyboard; sourceTree = "<group>"; };
		20300DF4273A59D90091502F /* Info.plist */ = {isa = PBXFileReference; lastKnownFileType = text.plist.xml; path = Info.plist; sourceTree = "<group>"; };
		20300DF9273A59D90091502F /* TableViewGitTests.xctest */ = {isa = PBXFileReference; explicitFileType = wrapper.cfbundle; includeInIndex = 0; path = TableViewGitTests.xctest; sourceTree = BUILT_PRODUCTS_DIR; };
		20300DFD273A59D90091502F /* TableViewGitTests.swift */ = {isa = PBXFileReference; lastKnownFileType = sourcecode.swift; path = TableViewGitTests.swift; sourceTree = "<group>"; };
		20300DFF273A59D90091502F /* Info.plist */ = {isa = PBXFileReference; lastKnownFileType = text.plist.xml; path = Info.plist; sourceTree = "<group>"; };
		20300E04273A59D90091502F /* TableViewGitUITests.xctest */ = {isa = PBXFileReference; explicitFileType = wrapper.cfbundle; includeInIndex = 0; path = TableViewGitUITests.xctest; sourceTree = BUILT_PRODUCTS_DIR; };
		20300E08273A59D90091502F /* TableViewGitUITests.swift */ = {isa = PBXFileReference; lastKnownFileType = sourcecode.swift; path = TableViewGitUITests.swift; sourceTree = "<group>"; };
		20300E0A273A59D90091502F /* Info.plist */ = {isa = PBXFileReference; lastKnownFileType = text.plist.xml; path = Info.plist; sourceTree = "<group>"; };
/* End PBXFileReference section */

/* Begin PBXFrameworksBuildPhase section */
		20300DE0273A59D80091502F /* Frameworks */ = {
			isa = PBXFrameworksBuildPhase;
			buildActionMask = 2147483647;
			files = (
			);
			runOnlyForDeploymentPostprocessing = 0;
		};
		20300DF6273A59D90091502F /* Frameworks */ = {
			isa = PBXFrameworksBuildPhase;
			buildActionMask = 2147483647;
			files = (
			);
			runOnlyForDeploymentPostprocessing = 0;
		};
		20300E01273A59D90091502F /* Frameworks */ = {
			isa = PBXFrameworksBuildPhase;
			buildActionMask = 2147483647;
			files = (
			);
			runOnlyForDeploymentPostprocessing = 0;
		};
/* End PBXFrameworksBuildPhase section */

/* Begin PBXGroup section */
		20300DDA273A59D80091502F = {
			isa = PBXGroup;
			children = (
				20300DE5273A59D80091502F /* TableViewGit */,
				20300DFC273A59D90091502F /* TableViewGitTests */,
				20300E07273A59D90091502F /* TableViewGitUITests */,
				20300DE4273A59D80091502F /* Products */,
			);
			sourceTree = "<group>";
		};
		20300DE4273A59D80091502F /* Products */ = {
			isa = PBXGroup;
			children = (
				20300DE3273A59D80091502F /* TableViewGit.app */,
				20300DF9273A59D90091502F /* TableViewGitTests.xctest */,
				20300E04273A59D90091502F /* TableViewGitUITests.xctest */,
			);
			name = Products;
			sourceTree = "<group>";
		};
		20300DE5273A59D80091502F /* TableViewGit */ = {
			isa = PBXGroup;
			children = (
				20300DE6273A59D80091502F /* AppDelegate.swift */,
				20300DE8273A59D80091502F /* SceneDelegate.swift */,
				20300DEA273A59D80091502F /* ViewController.swift */,
				20300DEC273A59D80091502F /* Main.storyboard */,
				20300DEF273A59D90091502F /* Assets.xcassets */,
				20300DF1273A59D90091502F /* LaunchScreen.storyboard */,
				20300DF4273A59D90091502F /* Info.plist */,
			);
			path = TableViewGit;
			sourceTree = "<group>";
		};
		20300DFC273A59D90091502F /* TableViewGitTests */ = {
			isa = PBXGroup;
			children = (
				20300DFD273A59D90091502F /* TableViewGitTests.swift */,
				20300DFF273A59D90091502F /* Info.plist */,
			);
			path = TableViewGitTests;
			sourceTree = "<group>";
		};
		20300E07273A59D90091502F /* TableViewGitUITests */ = {
			isa = PBXGroup;
			children = (
				20300E08273A59D90091502F /* TableViewGitUITests.swift */,
				20300E0A273A59D90091502F /* Info.plist */,
			);
			path = TableViewGitUITests;
			sourceTree = "<group>";
		};
/* End PBXGroup section */

/* Begin PBXNativeTarget section */
		20300DE2273A59D80091502F /* TableViewGit */ = {
			isa = PBXNativeTarget;
			buildConfigurationList = 20300E0D273A59D90091502F /* Build configuration list for PBXNativeTarget "TableViewGit" */;
			buildPhases = (
				20300DDF273A59D80091502F /* Sources */,
				20300DE0273A59D80091502F /* Frameworks */,
				20300DE1273A59D80091502F /* Resources */,
			);
			buildRules = (
			);
			dependencies = (
			);
			name = TableViewGit;
			productName = TableViewGit;
			productReference = 20300DE3273A59D80091502F /* TableViewGit.app */;
			productType = "com.apple.product-type.application";
		};
		20300DF8273A59D90091502F /* TableViewGitTests */ = {
			isa = PBXNativeTarget;
			buildConfigurationList = 20300E10273A59D90091502F /* Build configuration list for PBXNativeTarget "TableViewGitTests" */;
			buildPhases = (
				20300DF5273A59D90091502F /* Sources */,
				20300DF6273A59D90091502F /* Frameworks */,
				20300DF7273A59D90091502F /* Resources */,
			);
			buildRules = (
			);
			dependencies = (
				20300DFB273A59D90091502F /* PBXTargetDependency */,
			);
			name = TableViewGitTests;
			productName = TableViewGitTests;
			productReference = 20300DF9273A59D90091502F /* TableViewGitTests.xctest */;
			productType = "com.apple.product-type.bundle.unit-test";
		};
		20300E03273A59D90091502F /* TableViewGitUITests */ = {
			isa = PBXNativeTarget;
			buildConfigurationList = 20300E13273A59D90091502F /* Build configuration list for PBXNativeTarget "TableViewGitUITests" */;
			buildPhases = (
				20300E00273A59D90091502F /* Sources */,
				20300E01273A59D90091502F /* Frameworks */,
				20300E02273A59D90091502F /* Resources */,
			);
			buildRules = (
			);
			dependencies = (
				20300E06273A59D90091502F /* PBXTargetDependency */,
			);
			name = TableViewGitUITests;
			productName = TableViewGitUITests;
			productReference = 20300E04273A59D90091502F /* TableViewGitUITests.xctest */;
			productType = "com.apple.product-type.bundle.ui-testing";
		};
/* End PBXNativeTarget section */

/* Begin PBXProject section */
		20300DDB273A59D80091502F /* Project object */ = {
			isa = PBXProject;
			attributes = {
				LastSwiftUpdateCheck = 1250;
				LastUpgradeCheck = 1250;
				TargetAttributes = {
					20300DE2273A59D80091502F = {
						CreatedOnToolsVersion = 12.5;
					};
					20300DF8273A59D90091502F = {
						CreatedOnToolsVersion = 12.5;
						TestTargetID = 20300DE2273A59D80091502F;
					};
					20300E03273A59D90091502F = {
						CreatedOnToolsVersion = 12.5;
						TestTargetID = 20300DE2273A59D80091502F;
					};
				};
			};
			buildConfigurationList = 20300DDE273A59D80091502F /* Build configuration list for PBXProject "TableViewGit" */;
			compatibilityVersion = "Xcode 9.3";
			developmentRegion = en;
			hasScannedForEncodings = 0;
			knownRegions = (
				en,
				Base,
			);
			mainGroup = 20300DDA273A59D80091502F;
			productRefGroup = 20300DE4273A59D80091502F /* Products */;
			projectDirPath = "";
			projectRoot = "";
			targets = (
				20300DE2273A59D80091502F /* TableViewGit */,
				20300DF8273A59D90091502F /* TableViewGitTests */,
				20300E03273A59D90091502F /* TableViewGitUITests */,
			);
		};
/* End PBXProject section */

/* Begin PBXResourcesBuildPhase section */
		20300DE1273A59D80091502F /* Resources */ = {
			isa = PBXResourcesBuildPhase;
			buildActionMask = 2147483647;
			files = (
				20300DF3273A59D90091502F /* LaunchScreen.storyboard in Resources */,
				20300DF0273A59D90091502F /* Assets.xcassets in Resources */,
				20300DEE273A59D80091502F /* Main.storyboard in Resources */,
			);
			runOnlyForDeploymentPostprocessing = 0;
		};
		20300DF7273A59D90091502F /* Resources */ = {
			isa = PBXResourcesBuildPhase;
			buildActionMask = 2147483647;
			files = (
			);
			runOnlyForDeploymentPostprocessing = 0;
		};
		20300E02273A59D90091502F /* Resources */ = {
			isa = PBXResourcesBuildPhase;
			buildActionMask = 2147483647;
			files = (
			);
			runOnlyForDeploymentPostprocessing = 0;
		};
/* End PBXResourcesBuildPhase section */

/* Begin PBXSourcesBuildPhase section */
		20300DDF273A59D80091502F /* Sources */ = {
			isa = PBXSourcesBuildPhase;
			buildActionMask = 2147483647;
			files = (
				20300DEB273A59D80091502F /* ViewController.swift in Sources */,
				20300DE7273A59D80091502F /* AppDelegate.swift in Sources */,
				20300DE9273A59D80091502F /* SceneDelegate.swift in Sources */,
			);
			runOnlyForDeploymentPostprocessing = 0;
		};
		20300DF5273A59D90091502F /* Sources */ = {
			isa = PBXSourcesBuildPhase;
			buildActionMask = 2147483647;
			files = (
				20300DFE273A59D90091502F /* TableViewGitTests.swift in Sources */,
			);
			runOnlyForDeploymentPostprocessing = 0;
		};
		20300E00273A59D90091502F /* Sources */ = {
			isa = PBXSourcesBuildPhase;
			buildActionMask = 2147483647;
			files = (
				20300E09273A59D90091502F /* TableViewGitUITests.swift in Sources */,
			);
			runOnlyForDeploymentPostprocessing = 0;
		};
/* End PBXSourcesBuildPhase section */

/* Begin PBXTargetDependency section */
		20300DFB273A59D90091502F /* PBXTargetDependency */ = {
			isa = PBXTargetDependency;
			target = 20300DE2273A59D80091502F /* TableViewGit */;
			targetProxy = 20300DFA273A59D90091502F /* PBXContainerItemProxy */;
		};
		20300E06273A59D90091502F /* PBXTargetDependency */ = {
			isa = PBXTargetDependency;
			target = 20300DE2273A59D80091502F /* TableViewGit */;
			targetProxy = 20300E05273A59D90091502F /* PBXContainerItemProxy */;
		};
/* End PBXTargetDependency section */

/* Begin PBXVariantGroup section */
		20300DEC273A59D80091502F /* Main.storyboard */ = {
			isa = PBXVariantGroup;
			children = (
				20300DED273A59D80091502F /* Base */,
			);
			name = Main.storyboard;
			sourceTree = "<group>";
		};
		20300DF1273A59D90091502F /* LaunchScreen.storyboard */ = {
			isa = PBXVariantGroup;
			children = (
				20300DF2273A59D90091502F /* Base */,
			);
			name = LaunchScreen.storyboard;
			sourceTree = "<group>";
		};
/* End PBXVariantGroup section */

/* Begin XCBuildConfiguration section */
		20300E0B273A59D90091502F /* Debug */ = {
			isa = XCBuildConfiguration;
			buildSettings = {
				ALWAYS_SEARCH_USER_PATHS = NO;
				CLANG_ANALYZER_NONNULL = YES;
				CLANG_ANALYZER_NUMBER_OBJECT_CONVERSION = YES_AGGRESSIVE;
				CLANG_CXX_LANGUAGE_STANDARD = "gnu++14";
				CLANG_CXX_LIBRARY = "libc++";
				CLANG_ENABLE_MODULES = YES;
				CLANG_ENABLE_OBJC_ARC = YES;
				CLANG_ENABLE_OBJC_WEAK = YES;
				CLANG_WARN_BLOCK_CAPTURE_AUTORELEASING = YES;
				CLANG_WARN_BOOL_CONVERSION = YES;
				CLANG_WARN_COMMA = YES;
				CLANG_WARN_CONSTANT_CONVERSION = YES;
				CLANG_WARN_DEPRECATED_OBJC_IMPLEMENTATIONS = YES;
				CLANG_WARN_DIRECT_OBJC_ISA_USAGE = YES_ERROR;
				CLANG_WARN_DOCUMENTATION_COMMENTS = YES;
				CLANG_WARN_EMPTY_BODY = YES;
				CLANG_WARN_ENUM_CONVERSION = YES;
				CLANG_WARN_INFINITE_RECURSION = YES;
				CLANG_WARN_INT_CONVERSION = YES;
				CLANG_WARN_NON_LITERAL_NULL_CONVERSION = YES;
				CLANG_WARN_OBJC_IMPLICIT_RETAIN_SELF = YES;
				CLANG_WARN_OBJC_LITERAL_CONVERSION = YES;
				CLANG_WARN_OBJC_ROOT_CLASS = YES_ERROR;
				CLANG_WARN_QUOTED_INCLUDE_IN_FRAMEWORK_HEADER = YES;
				CLANG_WARN_RANGE_LOOP_ANALYSIS = YES;
				CLANG_WARN_STRICT_PROTOTYPES = YES;
				CLANG_WARN_SUSPICIOUS_MOVE = YES;
				CLANG_WARN_UNGUARDED_AVAILABILITY = YES_AGGRESSIVE;
				CLANG_WARN_UNREACHABLE_CODE = YES;
				CLANG_WARN__DUPLICATE_METHOD_MATCH = YES;
				COPY_PHASE_STRIP = NO;
				DEBUG_INFORMATION_FORMAT = dwarf;
				ENABLE_STRICT_OBJC_MSGSEND = YES;
				ENABLE_TESTABILITY = YES;
				GCC_C_LANGUAGE_STANDARD = gnu11;
				GCC_DYNAMIC_NO_PIC = NO;
				GCC_NO_COMMON_BLOCKS = YES;
				GCC_OPTIMIZATION_LEVEL = 0;
				GCC_PREPROCESSOR_DEFINITIONS = (
					"DEBUG=1",
					"$(inherited)",
				);
				GCC_WARN_64_TO_32_BIT_CONVERSION = YES;
				GCC_WARN_ABOUT_RETURN_TYPE = YES_ERROR;
				GCC_WARN_UNDECLARED_SELECTOR = YES;
				GCC_WARN_UNINITIALIZED_AUTOS = YES_AGGRESSIVE;
				GCC_WARN_UNUSED_FUNCTION = YES;
				GCC_WARN_UNUSED_VARIABLE = YES;
				IPHONEOS_DEPLOYMENT_TARGET = 14.5;
				MTL_ENABLE_DEBUG_INFO = INCLUDE_SOURCE;
				MTL_FAST_MATH = YES;
				ONLY_ACTIVE_ARCH = YES;
				SDKROOT = iphoneos;
				SWIFT_ACTIVE_COMPILATION_CONDITIONS = DEBUG;
				SWIFT_OPTIMIZATION_LEVEL = "-Onone";
			};
			name = Debug;
		};
		20300E0C273A59D90091502F /* Release */ = {
			isa = XCBuildConfiguration;
			buildSettings = {
				ALWAYS_SEARCH_USER_PATHS = NO;
				CLANG_ANALYZER_NONNULL = YES;
				CLANG_ANALYZER_NUMBER_OBJECT_CONVERSION = YES_AGGRESSIVE;
				CLANG_CXX_LANGUAGE_STANDARD = "gnu++14";
				CLANG_CXX_LIBRARY = "libc++";
				CLANG_ENABLE_MODULES = YES;
				CLANG_ENABLE_OBJC_ARC = YES;
				CLANG_ENABLE_OBJC_WEAK = YES;
				CLANG_WARN_BLOCK_CAPTURE_AUTORELEASING = YES;
				CLANG_WARN_BOOL_CONVERSION = YES;
				CLANG_WARN_COMMA = YES;
				CLANG_WARN_CONSTANT_CONVERSION = YES;
				CLANG_WARN_DEPRECATED_OBJC_IMPLEMENTATIONS = YES;
				CLANG_WARN_DIRECT_OBJC_ISA_USAGE = YES_ERROR;
				CLANG_WARN_DOCUMENTATION_COMMENTS = YES;
				CLANG_WARN_EMPTY_BODY = YES;
				CLANG_WARN_ENUM_CONVERSION = YES;
				CLANG_WARN_INFINITE_RECURSION = YES;
				CLANG_WARN_INT_CONVERSION = YES;
				CLANG_WARN_NON_LITERAL_NULL_CONVERSION = YES;
				CLANG_WARN_OBJC_IMPLICIT_RETAIN_SELF = YES;
				CLANG_WARN_OBJC_LITERAL_CONVERSION = YES;
				CLANG_WARN_OBJC_ROOT_CLASS = YES_ERROR;
				CLANG_WARN_QUOTED_INCLUDE_IN_FRAMEWORK_HEADER = YES;
				CLANG_WARN_RANGE_LOOP_ANALYSIS = YES;
				CLANG_WARN_STRICT_PROTOTYPES = YES;
				CLANG_WARN_SUSPICIOUS_MOVE = YES;
				CLANG_WARN_UNGUARDED_AVAILABILITY = YES_AGGRESSIVE;
				CLANG_WARN_UNREACHABLE_CODE = YES;
				CLANG_WARN__DUPLICATE_METHOD_MATCH = YES;
				COPY_PHASE_STRIP = NO;
				DEBUG_INFORMATION_FORMAT = "dwarf-with-dsym";
				ENABLE_NS_ASSERTIONS = NO;
				ENABLE_STRICT_OBJC_MSGSEND = YES;
				GCC_C_LANGUAGE_STANDARD = gnu11;
				GCC_NO_COMMON_BLOCKS = YES;
				GCC_WARN_64_TO_32_BIT_CONVERSION = YES;
				GCC_WARN_ABOUT_RETURN_TYPE = YES_ERROR;
				GCC_WARN_UNDECLARED_SELECTOR = YES;
				GCC_WARN_UNINITIALIZED_AUTOS = YES_AGGRESSIVE;
				GCC_WARN_UNUSED_FUNCTION = YES;
				GCC_WARN_UNUSED_VARIABLE = YES;
				IPHONEOS_DEPLOYMENT_TARGET = 14.5;
				MTL_ENABLE_DEBUG_INFO = NO;
				MTL_FAST_MATH = YES;
				SDKROOT = iphoneos;
				SWIFT_COMPILATION_MODE = wholemodule;
				SWIFT_OPTIMIZATION_LEVEL = "-O";
				VALIDATE_PRODUCT = YES;
			};
			name = Release;
		};
		20300E0E273A59D90091502F /* Debug */ = {
			isa = XCBuildConfiguration;
			buildSettings = {
				ASSETCATALOG_COMPILER_APPICON_NAME = AppIcon;
				ASSETCATALOG_COMPILER_GLOBAL_ACCENT_COLOR_NAME = AccentColor;
				CODE_SIGN_STYLE = Automatic;
				INFOPLIST_FILE = TableViewGit/Info.plist;
				LD_RUNPATH_SEARCH_PATHS = (
					"$(inherited)",
					"@executable_path/Frameworks",
				);
				PRODUCT_BUNDLE_IDENTIFIER = Henrik.TableViewGit;
				PRODUCT_NAME = "$(TARGET_NAME)";
				SWIFT_VERSION = 5.0;
				TARGETED_DEVICE_FAMILY = "1,2";
			};
			name = Debug;
		};
		20300E0F273A59D90091502F /* Release */ = {
			isa = XCBuildConfiguration;
			buildSettings = {
				ASSETCATALOG_COMPILER_APPICON_NAME = AppIcon;
				ASSETCATALOG_COMPILER_GLOBAL_ACCENT_COLOR_NAME = AccentColor;
				CODE_SIGN_STYLE = Automatic;
				INFOPLIST_FILE = TableViewGit/Info.plist;
				LD_RUNPATH_SEARCH_PATHS = (
					"$(inherited)",
					"@executable_path/Frameworks",
				);
				PRODUCT_BUNDLE_IDENTIFIER = Henrik.TableViewGit;
				PRODUCT_NAME = "$(TARGET_NAME)";
				SWIFT_VERSION = 5.0;
				TARGETED_DEVICE_FAMILY = "1,2";
			};
			name = Release;
		};
		20300E11273A59D90091502F /* Debug */ = {
			isa = XCBuildConfiguration;
			buildSettings = {
				ALWAYS_EMBED_SWIFT_STANDARD_LIBRARIES = YES;
				BUNDLE_LOADER = "$(TEST_HOST)";
				CODE_SIGN_STYLE = Automatic;
				INFOPLIST_FILE = TableViewGitTests/Info.plist;
				IPHONEOS_DEPLOYMENT_TARGET = 14.5;
				LD_RUNPATH_SEARCH_PATHS = (
					"$(inherited)",
					"@executable_path/Frameworks",
					"@loader_path/Frameworks",
				);
				PRODUCT_BUNDLE_IDENTIFIER = Henrik.TableViewGitTests;
				PRODUCT_NAME = "$(TARGET_NAME)";
				SWIFT_VERSION = 5.0;
				TARGETED_DEVICE_FAMILY = "1,2";
				TEST_HOST = "$(BUILT_PRODUCTS_DIR)/TableViewGit.app/TableViewGit";
			};
			name = Debug;
		};
		20300E12273A59D90091502F /* Release */ = {
			isa = XCBuildConfiguration;
			buildSettings = {
				ALWAYS_EMBED_SWIFT_STANDARD_LIBRARIES = YES;
				BUNDLE_LOADER = "$(TEST_HOST)";
				CODE_SIGN_STYLE = Automatic;
				INFOPLIST_FILE = TableViewGitTests/Info.plist;
				IPHONEOS_DEPLOYMENT_TARGET = 14.5;
				LD_RUNPATH_SEARCH_PATHS = (
					"$(inherited)",
					"@executable_path/Frameworks",
					"@loader_path/Frameworks",
				);
				PRODUCT_BUNDLE_IDENTIFIER = Henrik.TableViewGitTests;
				PRODUCT_NAME = "$(TARGET_NAME)";
				SWIFT_VERSION = 5.0;
				TARGETED_DEVICE_FAMILY = "1,2";
				TEST_HOST = "$(BUILT_PRODUCTS_DIR)/TableViewGit.app/TableViewGit";
			};
			name = Release;
		};
		20300E14273A59D90091502F /* Debug */ = {
			isa = XCBuildConfiguration;
			buildSettings = {
				ALWAYS_EMBED_SWIFT_STANDARD_LIBRARIES = YES;
				CODE_SIGN_STYLE = Automatic;
				INFOPLIST_FILE = TableViewGitUITests/Info.plist;
				LD_RUNPATH_SEARCH_PATHS = (
					"$(inherited)",
					"@executable_path/Frameworks",
					"@loader_path/Frameworks",
				);
				PRODUCT_BUNDLE_IDENTIFIER = Henrik.TableViewGitUITests;
				PRODUCT_NAME = "$(TARGET_NAME)";
				SWIFT_VERSION = 5.0;
				TARGETED_DEVICE_FAMILY = "1,2";
				TEST_TARGET_NAME = TableViewGit;
			};
			name = Debug;
		};
		20300E15273A59D90091502F /* Release */ = {
			isa = XCBuildConfiguration;
			buildSettings = {
				ALWAYS_EMBED_SWIFT_STANDARD_LIBRARIES = YES;
				CODE_SIGN_STYLE = Automatic;
				INFOPLIST_FILE = TableViewGitUITests/Info.plist;
				LD_RUNPATH_SEARCH_PATHS = (
					"$(inherited)",
					"@executable_path/Frameworks",
					"@loader_path/Frameworks",
				);
				PRODUCT_BUNDLE_IDENTIFIER = Henrik.TableViewGitUITests;
				PRODUCT_NAME = "$(TARGET_NAME)";
				SWIFT_VERSION = 5.0;
				TARGETED_DEVICE_FAMILY = "1,2";
				TEST_TARGET_NAME = TableViewGit;
			};
			name = Release;
		};
/* End XCBuildConfiguration section */

/* Begin XCConfigurationList section */
		20300DDE273A59D80091502F /* Build configuration list for PBXProject "TableViewGit" */ = {
			isa = XCConfigurationList;
			buildConfigurations = (
				20300E0B273A59D90091502F /* Debug */,
				20300E0C273A59D90091502F /* Release */,
			);
			defaultConfigurationIsVisible = 0;
			defaultConfigurationName = Release;
		};
		20300E0D273A59D90091502F /* Build configuration list for PBXNativeTarget "TableViewGit" */ = {
			isa = XCConfigurationList;
			buildConfigurations = (
				20300E0E273A59D90091502F /* Debug */,
				20300E0F273A59D90091502F /* Release */,
			);
			defaultConfigurationIsVisible = 0;
			defaultConfigurationName = Release;
		};
		20300E10273A59D90091502F /* Build configuration list for PBXNativeTarget "TableViewGitTests" */ = {
			isa = XCConfigurationList;
			buildConfigurations = (
				20300E11273A59D90091502F /* Debug */,
				20300E12273A59D90091502F /* Release */,
			);
			defaultConfigurationIsVisible = 0;
			defaultConfigurationName = Release;
		};
		20300E13273A59D90091502F /* Build configuration list for PBXNativeTarget "TableViewGitUITests" */ = {
			isa = XCConfigurationList;
			buildConfigurations = (
				20300E14273A59D90091502F /* Debug */,
				20300E15273A59D90091502F /* Release */,
			);
			defaultConfigurationIsVisible = 0;
			defaultConfigurationName = Release;
		};
/* End XCConfigurationList section */
	};
	rootObject = 20300DDB273A59D80091502F /* Project object */;
}
